// !$*UTF8*$!
{
	archiveVersion = 1;
	classes = {
	};
	objectVersion = 77;
	objects = {

/* Begin PBXCopyFilesBuildPhase section */
		CAD6DF112F94D8E1003F518D /* CopyFiles */ = {
			isa = PBXCopyFilesBuildPhase;
			buildActionMask = 2147483647;
			dstPath = libs;
			dstSubfolderSpec = 7;
			files = (
			);
			runOnlyForDeploymentPostprocessing = 0;
		};
/* End PBXCopyFilesBuildPhase section */

/* Begin PBXFileReference section */
		CAC95CFE2F929B2800593A2F /* MacVMLite.app */ = {isa = PBXFileReference; explicitFileType = wrapper.application; includeInIndex = 0; path = MacVMLite.app; sourceTree = BUILT_PRODUCTS_DIR; };
/* End PBXFileReference section */

/* Begin PBXFileSystemSynchronizedGroupBuildPhaseMembershipExceptionSet section */
		CAD6DF2E2F94D92D003F518D /* Exceptions for "VM" folder in "Copy Files" phase from "MacVMLite" target */ = {
			isa = PBXFileSystemSynchronizedGroupBuildPhaseMembershipExceptionSet;
			attributesByRelativePath = {
				QEMU_Bundle/bin/libs/libcapstone.5.dylib = (CodeSignOnCopy, );
				QEMU_Bundle/bin/libs/libcrypto.3.dylib = (CodeSignOnCopy, );
				QEMU_Bundle/bin/libs/libfdt.dylib.1.7.2 = (CodeSignOnCopy, );
				"QEMU_Bundle/bin/libs/libgio-2.0.0.dylib" = (CodeSignOnCopy, );
				"QEMU_Bundle/bin/libs/libglib-2.0.0.dylib" = (CodeSignOnCopy, );
				"QEMU_Bundle/bin/libs/libgmodule-2.0.0.dylib" = (CodeSignOnCopy, );
				QEMU_Bundle/bin/libs/libgmp.10.dylib = (CodeSignOnCopy, );
				QEMU_Bundle/bin/libs/libgnutls.30.dylib = (CodeSignOnCopy, );
				"QEMU_Bundle/bin/libs/libgobject-2.0.0.dylib" = (CodeSignOnCopy, );
				QEMU_Bundle/bin/libs/libhogweed.6.11.dylib = (CodeSignOnCopy, );
				QEMU_Bundle/bin/libs/libidn2.0.dylib = (CodeSignOnCopy, );
				QEMU_Bundle/bin/libs/libintl.8.dylib = (CodeSignOnCopy, );
				QEMU_Bundle/bin/libs/libjpeg.8.3.2.dylib = (CodeSignOnCopy, );
				QEMU_Bundle/bin/libs/liblzo2.2.dylib = (CodeSignOnCopy, );
				QEMU_Bundle/bin/libs/libncursesw.6.dylib = (CodeSignOnCopy, );
				QEMU_Bundle/bin/libs/libnettle.8.11.dylib = (CodeSignOnCopy, );
				"QEMU_Bundle/bin/libs/libp11-kit.0.dylib" = (CodeSignOnCopy, );
				"QEMU_Bundle/bin/libs/libpcre2-8.0.dylib" = (CodeSignOnCopy, );
				"QEMU_Bundle/bin/libs/libpixman-1.0.dylib" = (CodeSignOnCopy, );
				QEMU_Bundle/bin/libs/libpng16.16.dylib = (CodeSignOnCopy, );
				QEMU_Bundle/bin/libs/libslirp.0.dylib = (CodeSignOnCopy, );
				QEMU_Bundle/bin/libs/libsnappy.1.2.2.dylib = (CodeSignOnCopy, );
				QEMU_Bundle/bin/libs/libssh.4.11.0.dylib = (CodeSignOnCopy, );
				QEMU_Bundle/bin/libs/libtasn1.6.dylib = (CodeSignOnCopy, );
				QEMU_Bundle/bin/libs/libunistring.5.dylib = (CodeSignOnCopy, );
				"QEMU_Bundle/bin/libs/libusb-1.0.0.dylib" = (CodeSignOnCopy, );
				QEMU_Bundle/bin/libs/libvdeplug.3.dylib = (CodeSignOnCopy, );
				QEMU_Bundle/bin/libs/libzstd.1.5.7.dylib = (CodeSignOnCopy, );
			};
			buildPhase = CAD6DF112F94D8E1003F518D /* CopyFiles */;
			membershipExceptions = (
				QEMU_Bundle/bin/libs/libcapstone.5.dylib,
				QEMU_Bundle/bin/libs/libcrypto.3.dylib,
				QEMU_Bundle/bin/libs/libfdt.dylib.1.7.2,
				"QEMU_Bundle/bin/libs/libgio-2.0.0.dylib",
				"QEMU_Bundle/bin/libs/libglib-2.0.0.dylib",
				"QEMU_Bundle/bin/libs/libgmodule-2.0.0.dylib",
				QEMU_Bundle/bin/libs/libgmp.10.dylib,
				QEMU_Bundle/bin/libs/libgnutls.30.dylib,
				"QEMU_Bundle/bin/libs/libgobject-2.0.0.dylib",
				QEMU_Bundle/bin/libs/libhogweed.6.11.dylib,
				QEMU_Bundle/bin/libs/libidn2.0.dylib,
				QEMU_Bundle/bin/libs/libintl.8.dylib,
				QEMU_Bundle/bin/libs/libjpeg.8.3.2.dylib,
				QEMU_Bundle/bin/libs/liblzo2.2.dylib,
				QEMU_Bundle/bin/libs/libncursesw.6.dylib,
				QEMU_Bundle/bin/libs/libnettle.8.11.dylib,
				"QEMU_Bundle/bin/libs/libp11-kit.0.dylib",
				"QEMU_Bundle/bin/libs/libpcre2-8.0.dylib",
				"QEMU_Bundle/bin/libs/libpixman-1.0.dylib",
				QEMU_Bundle/bin/libs/libpng16.16.dylib,
				QEMU_Bundle/bin/libs/libslirp.0.dylib,
				QEMU_Bundle/bin/libs/libsnappy.1.2.2.dylib,
				QEMU_Bundle/bin/libs/libssh.4.11.0.dylib,
				QEMU_Bundle/bin/libs/libtasn1.6.dylib,
				QEMU_Bundle/bin/libs/libunistring.5.dylib,
				"QEMU_Bundle/bin/libs/libusb-1.0.0.dylib",
				QEMU_Bundle/bin/libs/libvdeplug.3.dylib,
				QEMU_Bundle/bin/libs/libzstd.1.5.7.dylib,
			);
		};
/* End PBXFileSystemSynchronizedGroupBuildPhaseMembershipExceptionSet section */

/* Begin PBXFileSystemSynchronizedRootGroup section */
		CAC95CEB2F92923300593A2F /* VM */ = {
			isa = PBXFileSystemSynchronizedRootGroup;
			exceptions = (
				CAD6DF2E2F94D92D003F518D /* Exceptions for "VM" folder in "Copy Files" phase from "MacVMLite" target */,
			);
			path = VM;
			sourceTree = "<group>";
		};
/* End PBXFileSystemSynchronizedRootGroup section */

/* Begin PBXGroup section */
		CAC95CE02F92923300593A2F = {
			isa = PBXGroup;
			children = (
				CAC95CEB2F92923300593A2F /* VM */,
				CAC95CFE2F929B2800593A2F /* MacVMLite.app */,
			);
			sourceTree = "<group>";
		};
/* End PBXGroup section */

/* Begin PBXNativeTarget section */
		CAC95CE82F92923300593A2F /* MacVMLite */ = {
			isa = PBXNativeTarget;
			buildConfigurationList = CAC95CF42F92923400593A2F /* Build configuration list for PBXNativeTarget "MacVMLite" */;
			buildPhases = (
				CAC95CE52F92923300593A2F /* Sources */,
				CAC95CE72F92923300593A2F /* Resources */,
				CAD6DF112F94D8E1003F518D /* CopyFiles */,
			);
			buildRules = (
			);
			dependencies = (
			);
			fileSystemSynchronizedGroups = (
				CAC95CEB2F92923300593A2F /* VM */,
			);
			name = MacVMLite;
			packageProductDependencies = (
			);
			productName = VM;
			productReference = CAC95CFE2F929B2800593A2F /* MacVMLite.app */;
			productType = "com.apple.product-type.application";
		};
/* End PBXNativeTarget section */

/* Begin PBXProject section */
		CAC95CE12F92923300593A2F /* Project object */ = {
			isa = PBXProject;
			attributes = {
				BuildIndependentTargetsInParallel = 1;
				LastSwiftUpdateCheck = 2640;
				LastUpgradeCheck = 2640;
				TargetAttributes = {
					CAC95CE82F92923300593A2F = {
						CreatedOnToolsVersion = 26.4;
					};
				};
			};
			buildConfigurationList = CAC95CE42F92923300593A2F /* Build configuration list for PBXProject "MacVMLite" */;
			developmentRegion = vi;
			hasScannedForEncodings = 0;
			knownRegions = (
				en,
				Base,
				vi,
			);
			mainGroup = CAC95CE02F92923300593A2F;
			minimizedProjectReferenceProxies = 1;
			preferredProjectObjectVersion = 77;
			productRefGroup = CAC95CE02F92923300593A2F;
			projectDirPath = "";
			projectRoot = "";
			targets = (
				CAC95CE82F92923300593A2F /* MacVMLite */,
			);
		};
/* End PBXProject section */

/* Begin PBXResourcesBuildPhase section */
		CAC95CE72F92923300593A2F /* Resources */ = {
			isa = PBXResourcesBuildPhase;
			buildActionMask = 2147483647;
			files = (
			);
			runOnlyForDeploymentPostprocessing = 0;
		};
/* End PBXResourcesBuildPhase section */

/* Begin PBXSourcesBuildPhase section */
		CAC95CE52F92923300593A2F /* Sources */ = {
			isa = PBXSourcesBuildPhase;
			buildActionMask = 2147483647;
			files = (
			);
			runOnlyForDeploymentPostprocessing = 0;
		};
/* End PBXSourcesBuildPhase section */

/* Begin XCBuildConfiguration section */
		CAC95CF22F92923400593A2F /* Debug */ = {
			isa = XCBuildConfiguration;
			buildSettings = {
				ALWAYS_SEARCH_USER_PATHS = NO;
				ASSETCATALOG_COMPILER_GENERATE_SWIFT_ASSET_SYMBOL_EXTENSIONS = YES;
				CLANG_ANALYZER_LOCALIZABILITY_NONLOCALIZED = YES;
				CLANG_ANALYZER_NONNULL = YES;
				CLANG_ANALYZER_NUMBER_OBJECT_CONVERSION = YES_AGGRESSIVE;
				CLANG_CXX_LANGUAGE_STANDARD = "gnu++20";
				CLANG_ENABLE_MODULES = YES;
				CLANG_ENABLE_OBJC_ARC = YES;
				CLANG_ENABLE_OBJC_WEAK = YES;
				CLANG_WARN_BLOCK_CAPTURE_AUTORELEASING = YES;
				CLANG_WARN_BOOL_CONVERSION = YES;
				CLANG_WARN_COMMA = YES;
				CLANG_WARN_CONSTANT_CONVERSION = YES;
				CLANG_WARN_DEPRECATED_OBJC_IMPLEMENTATIONS = YES;
				CLANG_WARN_DIRECT_OBJC_ISA_USAGE = YES_ERROR;
				CLANG_WARN_DOCUMENTATION_COMMENTS = YES;
				CLANG_WARN_EMPTY_BODY = YES;
				CLANG_WARN_ENUM_CONVERSION = YES;
				CLANG_WARN_INFINITE_RECURSION = YES;
				CLANG_WARN_INT_CONVERSION = YES;
				CLANG_WARN_NON_LITERAL_NULL_CONVERSION = YES;
				CLANG_WARN_OBJC_IMPLICIT_RETAIN_SELF = YES;
				CLANG_WARN_OBJC_LITERAL_CONVERSION = YES;
				CLANG_WARN_OBJC_ROOT_CLASS = YES_ERROR;
				CLANG_WARN_QUOTED_INCLUDE_IN_FRAMEWORK_HEADER = YES;
				CLANG_WARN_RANGE_LOOP_ANALYSIS = YES;
				CLANG_WARN_STRICT_PROTOTYPES = YES;
				CLANG_WARN_SUSPICIOUS_MOVE = YES;
				CLANG_WARN_UNGUARDED_AVAILABILITY = YES_AGGRESSIVE;
				CLANG_WARN_UNREACHABLE_CODE = YES;
				CLANG_WARN__DUPLICATE_METHOD_MATCH = YES;
				COPY_PHASE_STRIP = NO;
				DEBUG_INFORMATION_FORMAT = dwarf;
				ENABLE_STRICT_OBJC_MSGSEND = YES;
				ENABLE_TESTABILITY = YES;
				ENABLE_USER_SCRIPT_SANDBOXING = YES;
				GCC_C_LANGUAGE_STANDARD = gnu17;
				GCC_DYNAMIC_NO_PIC = NO;
				GCC_NO_COMMON_BLOCKS = YES;
				GCC_OPTIMIZATION_LEVEL = 0;
				GCC_PREPROCESSOR_DEFINITIONS = (
					"DEBUG=1",
					"$(inherited)",
				);
				GCC_WARN_64_TO_32_BIT_CONVERSION = YES;
				GCC_WARN_ABOUT_RETURN_TYPE = YES_ERROR;
				GCC_WARN_UNDECLARED_SELECTOR = YES;
				GCC_WARN_UNINITIALIZED_AUTOS = YES_AGGRESSIVE;
				GCC_WARN_UNUSED_FUNCTION = YES;
				GCC_WARN_UNUSED_VARIABLE = YES;
				LOCALIZATION_PREFERS_STRING_CATALOGS = YES;
				MACOSX_DEPLOYMENT_TARGET = 26.4;
				MTL_ENABLE_DEBUG_INFO = INCLUDE_SOURCE;
				MTL_FAST_MATH = YES;
				ONLY_ACTIVE_ARCH = YES;
				SDKROOT = macosx;
				SWIFT_ACTIVE_COMPILATION_CONDITIONS = "DEBUG $(inherited)";
				SWIFT_OPTIMIZATION_LEVEL = "-Onone";
			};
			name = Debug;
		};
		CAC95CF32F92923400593A2F /* Release */ = {
			isa = XCBuildConfiguration;
			buildSettings = {
				ALWAYS_SEARCH_USER_PATHS = NO;
				ASSETCATALOG_COMPILER_GENERATE_SWIFT_ASSET_SYMBOL_EXTENSIONS = YES;
				CLANG_ANALYZER_LOCALIZABILITY_NONLOCALIZED = YES;
				CLANG_ANALYZER_NONNULL = YES;
				CLANG_ANALYZER_NUMBER_OBJECT_CONVERSION = YES_AGGRESSIVE;
				CLANG_CXX_LANGUAGE_STANDARD = "gnu++20";
				CLANG_ENABLE_MODULES = YES;
				CLANG_ENABLE_OBJC_ARC = YES;
				CLANG_ENABLE_OBJC_WEAK = YES;
				CLANG_WARN_BLOCK_CAPTURE_AUTORELEASING = YES;
				CLANG_WARN_BOOL_CONVERSION = YES;
				CLANG_WARN_COMMA = YES;
				CLANG_WARN_CONSTANT_CONVERSION = YES;
				CLANG_WARN_DEPRECATED_OBJC_IMPLEMENTATIONS = YES;
				CLANG_WARN_DIRECT_OBJC_ISA_USAGE = YES_ERROR;
				CLANG_WARN_DOCUMENTATION_COMMENTS = YES;
				CLANG_WARN_EMPTY_BODY = YES;
				CLANG_WARN_ENUM_CONVERSION = YES;
				CLANG_WARN_INFINITE_RECURSION = YES;
				CLANG_WARN_INT_CONVERSION = YES;
				CLANG_WARN_NON_LITERAL_NULL_CONVERSION = YES;
				CLANG_WARN_OBJC_IMPLICIT_RETAIN_SELF = YES;
				CLANG_WARN_OBJC_LITERAL_CONVERSION = YES;
				CLANG_WARN_OBJC_ROOT_CLASS = YES_ERROR;
				CLANG_WARN_QUOTED_INCLUDE_IN_FRAMEWORK_HEADER = YES;
				CLANG_WARN_RANGE_LOOP_ANALYSIS = YES;
				CLANG_WARN_STRICT_PROTOTYPES = YES;
				CLANG_WARN_SUSPICIOUS_MOVE = YES;
				CLANG_WARN_UNGUARDED_AVAILABILITY = YES_AGGRESSIVE;
				CLANG_WARN_UNREACHABLE_CODE = YES;
				CLANG_WARN__DUPLICATE_METHOD_MATCH = YES;
				COPY_PHASE_STRIP = NO;
				DEBUG_INFORMATION_FORMAT = "dwarf-with-dsym";
				ENABLE_NS_ASSERTIONS = NO;
				ENABLE_STRICT_OBJC_MSGSEND = YES;
				ENABLE_USER_SCRIPT_SANDBOXING = YES;
				GCC_C_LANGUAGE_STANDARD = gnu17;
				GCC_NO_COMMON_BLOCKS = YES;
				GCC_WARN_64_TO_32_BIT_CONVERSION = YES;
				GCC_WARN_ABOUT_RETURN_TYPE = YES_ERROR;
				GCC_WARN_UNDECLARED_SELECTOR = YES;
				GCC_WARN_UNINITIALIZED_AUTOS = YES_AGGRESSIVE;
				GCC_WARN_UNUSED_FUNCTION = YES;
				GCC_WARN_UNUSED_VARIABLE = YES;
				LOCALIZATION_PREFERS_STRING_CATALOGS = YES;
				MACOSX_DEPLOYMENT_TARGET = 26.4;
				MTL_ENABLE_DEBUG_INFO = NO;
				MTL_FAST_MATH = YES;
				SDKROOT = macosx;
				SWIFT_COMPILATION_MODE = wholemodule;
			};
			name = Release;
		};
		CAC95CF52F92923400593A2F /* Debug */ = {
			isa = XCBuildConfiguration;
			buildSettings = {
				ASSETCATALOG_COMPILER_APPICON_NAME = AppIcon;
				ASSETCATALOG_COMPILER_GLOBAL_ACCENT_COLOR_NAME = AccentColor;
				AUTOMATION_APPLE_EVENTS = NO;
				CODE_SIGN_ENTITLEMENTS = VM/VM.entitlements;
				CODE_SIGN_STYLE = Automatic;
				COMBINE_HIDPI_IMAGES = YES;
				CURRENT_PROJECT_VERSION = 1;
				ENABLE_APP_SANDBOX = NO;
				ENABLE_HARDENED_RUNTIME = NO;
				ENABLE_PREVIEWS = YES;
				ENABLE_RESOURCE_ACCESS_AUDIO_INPUT = NO;
				ENABLE_RESOURCE_ACCESS_CALENDARS = NO;
				ENABLE_RESOURCE_ACCESS_CAMERA = NO;
				ENABLE_RESOURCE_ACCESS_CONTACTS = NO;
				ENABLE_RESOURCE_ACCESS_LOCATION = NO;
				ENABLE_RESOURCE_ACCESS_PHOTO_LIBRARY = NO;
				GENERATE_INFOPLIST_FILE = YES;
				INFOPLIST_KEY_NSHumanReadableCopyright = "";
				LD_RUNPATH_SEARCH_PATHS = (
					"$(inherited)",
					"@executable_path/../Frameworks",
				);
				LIBRARY_SEARCH_PATHS = (
					"$(inherited)",
					"$(PROJECT_DIR)/VM/QEMU_Bundle/bin/libs",
				);
				MARKETING_VERSION = 1.0;
				PRODUCT_BUNDLE_IDENTIFIER = test.VM;
				PRODUCT_NAME = "$(TARGET_NAME)";
				REGISTER_APP_GROUPS = YES;
				RUNTIME_EXCEPTION_ALLOW_DYLD_ENVIRONMENT_VARIABLES = NO;
				RUNTIME_EXCEPTION_ALLOW_JIT = NO;
				RUNTIME_EXCEPTION_ALLOW_UNSIGNED_EXECUTABLE_MEMORY = NO;
				RUNTIME_EXCEPTION_DEBUGGING_TOOL = NO;
				RUNTIME_EXCEPTION_DISABLE_EXECUTABLE_PAGE_PROTECTION = NO;
				RUNTIME_EXCEPTION_DISABLE_LIBRARY_VALIDATION = NO;
				STRING_CATALOG_GENERATE_SYMBOLS = YES;
				SWIFT_APPROACHABLE_CONCURRENCY = YES;
				SWIFT_DEFAULT_ACTOR_ISOLATION = MainActor;
				SWIFT_EMIT_LOC_STRINGS = YES;
				SWIFT_UPCOMING_FEATURE_MEMBER_IMPORT_VISIBILITY = YES;
				SWIFT_VERSION = 5.0;
			};
			name = Debug;
		};
		CAC95CF62F92923400593A2F /* Release */ = {
			isa = XCBuildConfiguration;
			buildSettings = {
				ASSETCATALOG_COMPILER_APPICON_NAME = AppIcon;
				ASSETCATALOG_COMPILER_GLOBAL_ACCENT_COLOR_NAME = AccentColor;
				AUTOMATION_APPLE_EVENTS = NO;
				CODE_SIGN_ENTITLEMENTS = VM/VM.entitlements;
				CODE_SIGN_STYLE = Automatic;
				COMBINE_HIDPI_IMAGES = YES;
				CURRENT_PROJECT_VERSION = 1;
				ENABLE_APP_SANDBOX = NO;
				ENABLE_HARDENED_RUNTIME = NO;
				ENABLE_PREVIEWS = YES;
				ENABLE_RESOURCE_ACCESS_AUDIO_INPUT = NO;
				ENABLE_RESOURCE_ACCESS_CALENDARS = NO;
				ENABLE_RESOURCE_ACCESS_CAMERA = NO;
				ENABLE_RESOURCE_ACCESS_CONTACTS = NO;
				ENABLE_RESOURCE_ACCESS_LOCATION = NO;
				ENABLE_RESOURCE_ACCESS_PHOTO_LIBRARY = NO;
				GENERATE_INFOPLIST_FILE = YES;
				INFOPLIST_KEY_NSHumanReadableCopyright = "";
				LD_RUNPATH_SEARCH_PATHS = (
					"$(inherited)",
					"@executable_path/../Frameworks",
				);
				LIBRARY_SEARCH_PATHS = (
					"$(inherited)",
					"$(PROJECT_DIR)/VM/QEMU_Bundle/bin/libs",
				);
				MARKETING_VERSION = 1.0;
				PRODUCT_BUNDLE_IDENTIFIER = test.VM;
				PRODUCT_NAME = "$(TARGET_NAME)";
				REGISTER_APP_GROUPS = YES;
				RUNTIME_EXCEPTION_ALLOW_DYLD_ENVIRONMENT_VARIABLES = NO;
				RUNTIME_EXCEPTION_ALLOW_JIT = NO;
				RUNTIME_EXCEPTION_ALLOW_UNSIGNED_EXECUTABLE_MEMORY = NO;
				RUNTIME_EXCEPTION_DEBUGGING_TOOL = NO;
				RUNTIME_EXCEPTION_DISABLE_EXECUTABLE_PAGE_PROTECTION = NO;
				RUNTIME_EXCEPTION_DISABLE_LIBRARY_VALIDATION = NO;
				STRING_CATALOG_GENERATE_SYMBOLS = YES;
				SWIFT_APPROACHABLE_CONCURRENCY = YES;
				SWIFT_DEFAULT_ACTOR_ISOLATION = MainActor;
				SWIFT_EMIT_LOC_STRINGS = YES;
				SWIFT_UPCOMING_FEATURE_MEMBER_IMPORT_VISIBILITY = YES;
				SWIFT_VERSION = 5.0;
			};
			name = Release;
		};
/* End XCBuildConfiguration section */

/* Begin XCConfigurationList section */
		CAC95CE42F92923300593A2F /* Build configuration list for PBXProject "MacVMLite" */ = {
			isa = XCConfigurationList;
			buildConfigurations = (
				CAC95CF22F92923400593A2F /* Debug */,
				CAC95CF32F92923400593A2F /* Release */,
			);
			defaultConfigurationIsVisible = 0;
			defaultConfigurationName = Release;
		};
		CAC95CF42F92923400593A2F /* Build configuration list for PBXNativeTarget "MacVMLite" */ = {
			isa = XCConfigurationList;
			buildConfigurations = (
				CAC95CF52F92923400593A2F /* Debug */,
				CAC95CF62F92923400593A2F /* Release */,
			);
			defaultConfigurationIsVisible = 0;
			defaultConfigurationName = Release;
		};
/* End XCConfigurationList section */
	};
	rootObject = CAC95CE12F92923300593A2F /* Project object */;
}
